// !$*UTF8*$!
{
	archiveVersion = 1;
	classes = {
	};
	objectVersion = 55;
	objects = {

/* Begin PBXBuildFile section */
		C160BB6528BC884D009C6F42 /* HelloAppleWatch WatchKit App.app in Embed Watch Content */ = {isa = PBXBuildFile; fileRef = C160BB6428BC884D009C6F42 /* HelloAppleWatch WatchKit App.app */; settings = {ATTRIBUTES = (RemoveHeadersOnCopy, ); }; };
		C160BB6A28BC8850009C6F42 /* Assets.xcassets in Resources */ = {isa = PBXBuildFile; fileRef = C160BB6928BC8850009C6F42 /* Assets.xcassets */; };
		C160BB7028BC8850009C6F42 /* HelloAppleWatch WatchKit Extension.appex in Embed App Extensions */ = {isa = PBXBuildFile; fileRef = C160BB6F28BC8850009C6F42 /* HelloAppleWatch WatchKit Extension.appex */; settings = {ATTRIBUTES = (RemoveHeadersOnCopy, ); }; };
		C160BB7528BC8850009C6F42 /* ContentView.swift in Sources */ = {isa = PBXBuildFile; fileRef = C160BB7428BC8850009C6F42 /* ContentView.swift */; };
		C160BB7728BC8850009C6F42 /* HelloAppleWatchApp.swift in Sources */ = {isa = PBXBuildFile; fileRef = C160BB7628BC8850009C6F42 /* HelloAppleWatchApp.swift */; };
		C160BB7928BC8851009C6F42 /* ComplicationController.swift in Sources */ = {isa = PBXBuildFile; fileRef = C160BB7828BC8851009C6F42 /* ComplicationController.swift */; };
		C160BB7B28BC8852009C6F42 /* Assets.xcassets in Resources */ = {isa = PBXBuildFile; fileRef = C160BB7A28BC8852009C6F42 /* Assets.xcassets */; };
		C160BB7E28BC8852009C6F42 /* Preview Assets.xcassets in Resources */ = {isa = PBXBuildFile; fileRef = C160BB7D28BC8852009C6F42 /* Preview Assets.xcassets */; };
/* End PBXBuildFile section */

/* Begin PBXContainerItemProxy section */
		C160BB6628BC884D009C6F42 /* PBXContainerItemProxy */ = {
			isa = PBXContainerItemProxy;
			containerPortal = C160BB5A28BC884C009C6F42 /* Project object */;
			proxyType = 1;
			remoteGlobalIDString = C160BB6328BC884D009C6F42;
			remoteInfo = "HelloAppleWatch WatchKit App";
		};
		C160BB7128BC8850009C6F42 /* PBXContainerItemProxy */ = {
			isa = PBXContainerItemProxy;
			containerPortal = C160BB5A28BC884C009C6F42 /* Project object */;
			proxyType = 1;
			remoteGlobalIDString = C160BB6E28BC8850009C6F42;
			remoteInfo = "HelloAppleWatch WatchKit Extension";
		};
/* End PBXContainerItemProxy section */

/* Begin PBXCopyFilesBuildPhase section */
		C160BB8528BC8852009C6F42 /* Embed App Extensions */ = {
			isa = PBXCopyFilesBuildPhase;
			buildActionMask = 2147483647;
			dstPath = "";
			dstSubfolderSpec = 13;
			files = (
				C160BB7028BC8850009C6F42 /* HelloAppleWatch WatchKit Extension.appex in Embed App Extensions */,
			);
			name = "Embed App Extensions";
			runOnlyForDeploymentPostprocessing = 0;
		};
		C160BB8928BC8852009C6F42 /* Embed Watch Content */ = {
			isa = PBXCopyFilesBuildPhase;
			buildActionMask = 2147483647;
			dstPath = "$(CONTENTS_FOLDER_PATH)/Watch";
			dstSubfolderSpec = 16;
			files = (
				C160BB6528BC884D009C6F42 /* HelloAppleWatch WatchKit App.app in Embed Watch Content */,
			);
			name = "Embed Watch Content";
			runOnlyForDeploymentPostprocessing = 0;
		};
/* End PBXCopyFilesBuildPhase section */

/* Begin PBXFileReference section */
		C160BB6028BC884D009C6F42 /* HelloAppleWatch.app */ = {isa = PBXFileReference; explicitFileType = wrapper.application; includeInIndex = 0; path = HelloAppleWatch.app; sourceTree = BUILT_PRODUCTS_DIR; };
		C160BB6428BC884D009C6F42 /* HelloAppleWatch WatchKit App.app */ = {isa = PBXFileReference; explicitFileType = wrapper.application; includeInIndex = 0; path = "HelloAppleWatch WatchKit App.app"; sourceTree = BUILT_PRODUCTS_DIR; };
		C160BB6928BC8850009C6F42 /* Assets.xcassets */ = {isa = PBXFileReference; lastKnownFileType = folder.assetcatalog; path = Assets.xcassets; sourceTree = "<group>"; };
		C160BB6F28BC8850009C6F42 /* HelloAppleWatch WatchKit Extension.appex */ = {isa = PBXFileReference; explicitFileType = "wrapper.app-extension"; includeInIndex = 0; path = "HelloAppleWatch WatchKit Extension.appex"; sourceTree = BUILT_PRODUCTS_DIR; };
		C160BB7428BC8850009C6F42 /* ContentView.swift */ = {isa = PBXFileReference; lastKnownFileType = sourcecode.swift; path = ContentView.swift; sourceTree = "<group>"; };
		C160BB7628BC8850009C6F42 /* HelloAppleWatchApp.swift */ = {isa = PBXFileReference; lastKnownFileType = sourcecode.swift; path = HelloAppleWatchApp.swift; sourceTree = "<group>"; };
		C160BB7828BC8851009C6F42 /* ComplicationController.swift */ = {isa = PBXFileReference; lastKnownFileType = sourcecode.swift; path = ComplicationController.swift; sourceTree = "<group>"; };
		C160BB7A28BC8852009C6F42 /* Assets.xcassets */ = {isa = PBXFileReference; lastKnownFileType = folder.assetcatalog; path = Assets.xcassets; sourceTree = "<group>"; };
		C160BB7D28BC8852009C6F42 /* Preview Assets.xcassets */ = {isa = PBXFileReference; lastKnownFileType = folder.assetcatalog; path = "Preview Assets.xcassets"; sourceTree = "<group>"; };
		C160BB7F28BC8852009C6F42 /* Info.plist */ = {isa = PBXFileReference; lastKnownFileType = text.plist.xml; path = Info.plist; sourceTree = "<group>"; };
/* End PBXFileReference section */

/* Begin PBXFrameworksBuildPhase section */
		C160BB6C28BC8850009C6F42 /* Frameworks */ = {
			isa = PBXFrameworksBuildPhase;
			buildActionMask = 2147483647;
			files = (
			);
			runOnlyForDeploymentPostprocessing = 0;
		};
/* End PBXFrameworksBuildPhase section */

/* Begin PBXGroup section */
		C160BB5928BC884C009C6F42 = {
			isa = PBXGroup;
			children = (
				C160BB6828BC884D009C6F42 /* HelloAppleWatch WatchKit App */,
				C160BB7328BC8850009C6F42 /* HelloAppleWatch WatchKit Extension */,
				C160BB6128BC884D009C6F42 /* Products */,
			);
			sourceTree = "<group>";
		};
		C160BB6128BC884D009C6F42 /* Products */ = {
			isa = PBXGroup;
			children = (
				C160BB6028BC884D009C6F42 /* HelloAppleWatch.app */,
				C160BB6428BC884D009C6F42 /* HelloAppleWatch WatchKit App.app */,
				C160BB6F28BC8850009C6F42 /* HelloAppleWatch WatchKit Extension.appex */,
			);
			name = Products;
			sourceTree = "<group>";
		};
		C160BB6828BC884D009C6F42 /* HelloAppleWatch WatchKit App */ = {
			isa = PBXGroup;
			children = (
				C160BB6928BC8850009C6F42 /* Assets.xcassets */,
			);
			path = "HelloAppleWatch WatchKit App";
			sourceTree = "<group>";
		};
		C160BB7328BC8850009C6F42 /* HelloAppleWatch WatchKit Extension */ = {
			isa = PBXGroup;
			children = (
				C160BB7428BC8850009C6F42 /* ContentView.swift */,
				C160BB7628BC8850009C6F42 /* HelloAppleWatchApp.swift */,
				C160BB7828BC8851009C6F42 /* ComplicationController.swift */,
				C160BB7A28BC8852009C6F42 /* Assets.xcassets */,
				C160BB7F28BC8852009C6F42 /* Info.plist */,
				C160BB7C28BC8852009C6F42 /* Preview Content */,
			);
			path = "HelloAppleWatch WatchKit Extension";
			sourceTree = "<group>";
		};
		C160BB7C28BC8852009C6F42 /* Preview Content */ = {
			isa = PBXGroup;
			children = (
				C160BB7D28BC8852009C6F42 /* Preview Assets.xcassets */,
			);
			path = "Preview Content";
			sourceTree = "<group>";
		};
/* End PBXGroup section */

/* Begin PBXNativeTarget section */
		C160BB5F28BC884C009C6F42 /* HelloAppleWatch */ = {
			isa = PBXNativeTarget;
			buildConfigurationList = C160BB8A28BC8852009C6F42 /* Build configuration list for PBXNativeTarget "HelloAppleWatch" */;
			buildPhases = (
				C160BB5E28BC884C009C6F42 /* Resources */,
				C160BB8928BC8852009C6F42 /* Embed Watch Content */,
			);
			buildRules = (
			);
			dependencies = (
				C160BB6728BC884D009C6F42 /* PBXTargetDependency */,
			);
			name = HelloAppleWatch;
			productName = HelloAppleWatch;
			productReference = C160BB6028BC884D009C6F42 /* HelloAppleWatch.app */;
			productType = "com.apple.product-type.application.watchapp2-container";
		};
		C160BB6328BC884D009C6F42 /* HelloAppleWatch WatchKit App */ = {
			isa = PBXNativeTarget;
			buildConfigurationList = C160BB8628BC8852009C6F42 /* Build configuration list for PBXNativeTarget "HelloAppleWatch WatchKit App" */;
			buildPhases = (
				C160BB6228BC884D009C6F42 /* Resources */,
				C160BB8528BC8852009C6F42 /* Embed App Extensions */,
			);
			buildRules = (
			);
			dependencies = (
				C160BB7228BC8850009C6F42 /* PBXTargetDependency */,
			);
			name = "HelloAppleWatch WatchKit App";
			productName = "HelloAppleWatch WatchKit App";
			productReference = C160BB6428BC884D009C6F42 /* HelloAppleWatch WatchKit App.app */;
			productType = "com.apple.product-type.application.watchapp2";
		};
		C160BB6E28BC8850009C6F42 /* HelloAppleWatch WatchKit Extension */ = {
			isa = PBXNativeTarget;
			buildConfigurationList = C160BB8228BC8852009C6F42 /* Build configuration list for PBXNativeTarget "HelloAppleWatch WatchKit Extension" */;
			buildPhases = (
				C160BB6B28BC8850009C6F42 /* Sources */,
				C160BB6C28BC8850009C6F42 /* Frameworks */,
				C160BB6D28BC8850009C6F42 /* Resources */,
			);
			buildRules = (
			);
			dependencies = (
			);
			name = "HelloAppleWatch WatchKit Extension";
			productName = "HelloAppleWatch WatchKit Extension";
			productReference = C160BB6F28BC8850009C6F42 /* HelloAppleWatch WatchKit Extension.appex */;
			productType = "com.apple.product-type.watchkit2-extension";
		};
/* End PBXNativeTarget section */

/* Begin PBXProject section */
		C160BB5A28BC884C009C6F42 /* Project object */ = {
			isa = PBXProject;
			attributes = {
				BuildIndependentTargetsInParallel = 1;
				LastSwiftUpdateCheck = 1340;
				LastUpgradeCheck = 1340;
				TargetAttributes = {
					C160BB5F28BC884C009C6F42 = {
						CreatedOnToolsVersion = 13.4.1;
					};
					C160BB6328BC884D009C6F42 = {
						CreatedOnToolsVersion = 13.4.1;
					};
					C160BB6E28BC8850009C6F42 = {
						CreatedOnToolsVersion = 13.4.1;
					};
				};
			};
			buildConfigurationList = C160BB5D28BC884C009C6F42 /* Build configuration list for PBXProject "HelloAppleWatch" */;
			compatibilityVersion = "Xcode 13.0";
			developmentRegion = en;
			hasScannedForEncodings = 0;
			knownRegions = (
				en,
				Base,
			);
			mainGroup = C160BB5928BC884C009C6F42;
			productRefGroup = C160BB6128BC884D009C6F42 /* Products */;
			projectDirPath = "";
			projectRoot = "";
			targets = (
				C160BB5F28BC884C009C6F42 /* HelloAppleWatch */,
				C160BB6328BC884D009C6F42 /* HelloAppleWatch WatchKit App */,
				C160BB6E28BC8850009C6F42 /* HelloAppleWatch WatchKit Extension */,
			);
		};
/* End PBXProject section */

/* Begin PBXResourcesBuildPhase section */
		C160BB5E28BC884C009C6F42 /* Resources */ = {
			isa = PBXResourcesBuildPhase;
			buildActionMask = 2147483647;
			files = (
			);
			runOnlyForDeploymentPostprocessing = 0;
		};
		C160BB6228BC884D009C6F42 /* Resources */ = {
			isa = PBXResourcesBuildPhase;
			buildActionMask = 2147483647;
			files = (
				C160BB6A28BC8850009C6F42 /* Assets.xcassets in Resources */,
			);
			runOnlyForDeploymentPostprocessing = 0;
		};
		C160BB6D28BC8850009C6F42 /* Resources */ = {
			isa = PBXResourcesBuildPhase;
			buildActionMask = 2147483647;
			files = (
				C160BB7E28BC8852009C6F42 /* Preview Assets.xcassets in Resources */,
				C160BB7B28BC8852009C6F42 /* Assets.xcassets in Resources */,
			);
			runOnlyForDeploymentPostprocessing = 0;
		};
/* End PBXResourcesBuildPhase section */

/* Begin PBXSourcesBuildPhase section */
		C160BB6B28BC8850009C6F42 /* Sources */ = {
			isa = PBXSourcesBuildPhase;
			buildActionMask = 2147483647;
			files = (
				C160BB7528BC8850009C6F42 /* ContentView.swift in Sources */,
				C160BB7728BC8850009C6F42 /* HelloAppleWatchApp.swift in Sources */,
				C160BB7928BC8851009C6F42 /* ComplicationController.swift in Sources */,
			);
			runOnlyForDeploymentPostprocessing = 0;
		};
/* End PBXSourcesBuildPhase section */

/* Begin PBXTargetDependency section */
		C160BB6728BC884D009C6F42 /* PBXTargetDependency */ = {
			isa = PBXTargetDependency;
			target = C160BB6328BC884D009C6F42 /* HelloAppleWatch WatchKit App */;
			targetProxy = C160BB6628BC884D009C6F42 /* PBXContainerItemProxy */;
		};
		C160BB7228BC8850009C6F42 /* PBXTargetDependency */ = {
			isa = PBXTargetDependency;
			target = C160BB6E28BC8850009C6F42 /* HelloAppleWatch WatchKit Extension */;
			targetProxy = C160BB7128BC8850009C6F42 /* PBXContainerItemProxy */;
		};
/* End PBXTargetDependency section */

/* Begin XCBuildConfiguration section */
		C160BB8028BC8852009C6F42 /* Debug */ = {
			isa = XCBuildConfiguration;
			buildSettings = {
				ALWAYS_SEARCH_USER_PATHS = NO;
				CLANG_ANALYZER_NONNULL = YES;
				CLANG_ANALYZER_NUMBER_OBJECT_CONVERSION = YES_AGGRESSIVE;
				CLANG_CXX_LANGUAGE_STANDARD = "gnu++17";
				CLANG_ENABLE_MODULES = YES;
				CLANG_ENABLE_OBJC_ARC = YES;
				CLANG_ENABLE_OBJC_WEAK = YES;
				CLANG_WARN_BLOCK_CAPTURE_AUTORELEASING = YES;
				CLANG_WARN_BOOL_CONVERSION = YES;
				CLANG_WARN_COMMA = YES;
				CLANG_WARN_CONSTANT_CONVERSION = YES;
				CLANG_WARN_DEPRECATED_OBJC_IMPLEMENTATIONS = YES;
				CLANG_WARN_DIRECT_OBJC_ISA_USAGE = YES_ERROR;
				CLANG_WARN_DOCUMENTATION_COMMENTS = YES;
				CLANG_WARN_EMPTY_BODY = YES;
				CLANG_WARN_ENUM_CONVERSION = YES;
				CLANG_WARN_INFINITE_RECURSION = YES;
				CLANG_WARN_INT_CONVERSION = YES;
				CLANG_WARN_NON_LITERAL_NULL_CONVERSION = YES;
				CLANG_WARN_OBJC_IMPLICIT_RETAIN_SELF = YES;
				CLANG_WARN_OBJC_LITERAL_CONVERSION = YES;
				CLANG_WARN_OBJC_ROOT_CLASS = YES_ERROR;
				CLANG_WARN_QUOTED_INCLUDE_IN_FRAMEWORK_HEADER = YES;
				CLANG_WARN_RANGE_LOOP_ANALYSIS = YES;
				CLANG_WARN_STRICT_PROTOTYPES = YES;
				CLANG_WARN_SUSPICIOUS_MOVE = YES;
				CLANG_WARN_UNGUARDED_AVAILABILITY = YES_AGGRESSIVE;
				CLANG_WARN_UNREACHABLE_CODE = YES;
				CLANG_WARN__DUPLICATE_METHOD_MATCH = YES;
				COPY_PHASE_STRIP = NO;
				DEBUG_INFORMATION_FORMAT = dwarf;
				ENABLE_STRICT_OBJC_MSGSEND = YES;
				ENABLE_TESTABILITY = YES;
				GCC_C_LANGUAGE_STANDARD = gnu11;
				GCC_DYNAMIC_NO_PIC = NO;
				GCC_NO_COMMON_BLOCKS = YES;
				GCC_OPTIMIZATION_LEVEL = 0;
				GCC_PREPROCESSOR_DEFINITIONS = (
					"DEBUG=1",
					"$(inherited)",
				);
				GCC_WARN_64_TO_32_BIT_CONVERSION = YES;
				GCC_WARN_ABOUT_RETURN_TYPE = YES_ERROR;
				GCC_WARN_UNDECLARED_SELECTOR = YES;
				GCC_WARN_UNINITIALIZED_AUTOS = YES_AGGRESSIVE;
				GCC_WARN_UNUSED_FUNCTION = YES;
				GCC_WARN_UNUSED_VARIABLE = YES;
				MTL_ENABLE_DEBUG_INFO = INCLUDE_SOURCE;
				MTL_FAST_MATH = YES;
				ONLY_ACTIVE_ARCH = YES;
				SDKROOT = iphoneos;
				SWIFT_ACTIVE_COMPILATION_CONDITIONS = DEBUG;
				SWIFT_OPTIMIZATION_LEVEL = "-Onone";
			};
			name = Debug;
		};
		C160BB8128BC8852009C6F42 /* Release */ = {
			isa = XCBuildConfiguration;
			buildSettings = {
				ALWAYS_SEARCH_USER_PATHS = NO;
				CLANG_ANALYZER_NONNULL = YES;
				CLANG_ANALYZER_NUMBER_OBJECT_CONVERSION = YES_AGGRESSIVE;
				CLANG_CXX_LANGUAGE_STANDARD = "gnu++17";
				CLANG_ENABLE_MODULES = YES;
				CLANG_ENABLE_OBJC_ARC = YES;
				CLANG_ENABLE_OBJC_WEAK = YES;
				CLANG_WARN_BLOCK_CAPTURE_AUTORELEASING = YES;
				CLANG_WARN_BOOL_CONVERSION = YES;
				CLANG_WARN_COMMA = YES;
				CLANG_WARN_CONSTANT_CONVERSION = YES;
				CLANG_WARN_DEPRECATED_OBJC_IMPLEMENTATIONS = YES;
				CLANG_WARN_DIRECT_OBJC_ISA_USAGE = YES_ERROR;
				CLANG_WARN_DOCUMENTATION_COMMENTS = YES;
				CLANG_WARN_EMPTY_BODY = YES;
				CLANG_WARN_ENUM_CONVERSION = YES;
				CLANG_WARN_INFINITE_RECURSION = YES;
				CLANG_WARN_INT_CONVERSION = YES;
				CLANG_WARN_NON_LITERAL_NULL_CONVERSION = YES;
				CLANG_WARN_OBJC_IMPLICIT_RETAIN_SELF = YES;
				CLANG_WARN_OBJC_LITERAL_CONVERSION = YES;
				CLANG_WARN_OBJC_ROOT_CLASS = YES_ERROR;
				CLANG_WARN_QUOTED_INCLUDE_IN_FRAMEWORK_HEADER = YES;
				CLANG_WARN_RANGE_LOOP_ANALYSIS = YES;
				CLANG_WARN_STRICT_PROTOTYPES = YES;
				CLANG_WARN_SUSPICIOUS_MOVE = YES;
				CLANG_WARN_UNGUARDED_AVAILABILITY = YES_AGGRESSIVE;
				CLANG_WARN_UNREACHABLE_CODE = YES;
				CLANG_WARN__DUPLICATE_METHOD_MATCH = YES;
				COPY_PHASE_STRIP = NO;
				DEBUG_INFORMATION_FORMAT = "dwarf-with-dsym";
				ENABLE_NS_ASSERTIONS = NO;
				ENABLE_STRICT_OBJC_MSGSEND = YES;
				GCC_C_LANGUAGE_STANDARD = gnu11;
				GCC_NO_COMMON_BLOCKS = YES;
				GCC_WARN_64_TO_32_BIT_CONVERSION = YES;
				GCC_WARN_ABOUT_RETURN_TYPE = YES_ERROR;
				GCC_WARN_UNDECLARED_SELECTOR = YES;
				GCC_WARN_UNINITIALIZED_AUTOS = YES_AGGRESSIVE;
				GCC_WARN_UNUSED_FUNCTION = YES;
				GCC_WARN_UNUSED_VARIABLE = YES;
				MTL_ENABLE_DEBUG_INFO = NO;
				MTL_FAST_MATH = YES;
				SDKROOT = iphoneos;
				SWIFT_COMPILATION_MODE = wholemodule;
				SWIFT_OPTIMIZATION_LEVEL = "-O";
				VALIDATE_PRODUCT = YES;
			};
			name = Release;
		};
		C160BB8328BC8852009C6F42 /* Debug */ = {
			isa = XCBuildConfiguration;
			buildSettings = {
				ASSETCATALOG_COMPILER_COMPLICATION_NAME = Complication;
				CODE_SIGN_STYLE = Automatic;
				CURRENT_PROJECT_VERSION = 1;
				DEVELOPMENT_ASSET_PATHS = "\"HelloAppleWatch WatchKit Extension/Preview Content\"";
				ENABLE_PREVIEWS = YES;
				GENERATE_INFOPLIST_FILE = YES;
				INFOPLIST_FILE = "HelloAppleWatch WatchKit Extension/Info.plist";
				INFOPLIST_KEY_CFBundleDisplayName = "HelloAppleWatch WatchKit Extension";
				INFOPLIST_KEY_CLKComplicationPrincipalClass = "$(PRODUCT_MODULE_NAME).ComplicationController";
				INFOPLIST_KEY_NSHumanReadableCopyright = "";
				INFOPLIST_KEY_WKWatchOnly = YES;
				LD_RUNPATH_SEARCH_PATHS = (
					"$(inherited)",
					"@executable_path/Frameworks",
					"@executable_path/../../Frameworks",
				);
				MARKETING_VERSION = 1.0;
				PRODUCT_BUNDLE_IDENTIFIER = com.christiantisby.HelloAppleWatch.watchkitapp.watchkitextension;
				PRODUCT_NAME = "${TARGET_NAME}";
				SDKROOT = watchos;
				SKIP_INSTALL = YES;
				SWIFT_EMIT_LOC_STRINGS = YES;
				SWIFT_VERSION = 5.0;
				TARGETED_DEVICE_FAMILY = 4;
				WATCHOS_DEPLOYMENT_TARGET = 8.5;
			};
			name = Debug;
		};
		C160BB8428BC8852009C6F42 /* Release */ = {
			isa = XCBuildConfiguration;
			buildSettings = {
				ASSETCATALOG_COMPILER_COMPLICATION_NAME = Complication;
				CODE_SIGN_STYLE = Automatic;
				CURRENT_PROJECT_VERSION = 1;
				DEVELOPMENT_ASSET_PATHS = "\"HelloAppleWatch WatchKit Extension/Preview Content\"";
				ENABLE_PREVIEWS = YES;
				GENERATE_INFOPLIST_FILE = YES;
				INFOPLIST_FILE = "HelloAppleWatch WatchKit Extension/Info.plist";
				INFOPLIST_KEY_CFBundleDisplayName = "HelloAppleWatch WatchKit Extension";
				INFOPLIST_KEY_CLKComplicationPrincipalClass = "$(PRODUCT_MODULE_NAME).ComplicationController";
				INFOPLIST_KEY_NSHumanReadableCopyright = "";
				INFOPLIST_KEY_WKWatchOnly = YES;
				LD_RUNPATH_SEARCH_PATHS = (
					"$(inherited)",
					"@executable_path/Frameworks",
					"@executable_path/../../Frameworks",
				);
				MARKETING_VERSION = 1.0;
				PRODUCT_BUNDLE_IDENTIFIER = com.christiantisby.HelloAppleWatch.watchkitapp.watchkitextension;
				PRODUCT_NAME = "${TARGET_NAME}";
				SDKROOT = watchos;
				SKIP_INSTALL = YES;
				SWIFT_EMIT_LOC_STRINGS = YES;
				SWIFT_VERSION = 5.0;
				TARGETED_DEVICE_FAMILY = 4;
				WATCHOS_DEPLOYMENT_TARGET = 8.5;
			};
			name = Release;
		};
		C160BB8728BC8852009C6F42 /* Debug */ = {
			isa = XCBuildConfiguration;
			buildSettings = {
				ALWAYS_EMBED_SWIFT_STANDARD_LIBRARIES = YES;
				ASSETCATALOG_COMPILER_APPICON_NAME = AppIcon;
				ASSETCATALOG_COMPILER_GLOBAL_ACCENT_COLOR_NAME = AccentColor;
				CODE_SIGN_STYLE = Automatic;
				CURRENT_PROJECT_VERSION = 1;
				GENERATE_INFOPLIST_FILE = YES;
				IBSC_MODULE = HelloAppleWatch_WatchKit_Extension;
				INFOPLIST_KEY_CFBundleDisplayName = "HelloAppleWatch WatchKit App";
				INFOPLIST_KEY_UISupportedInterfaceOrientations = "UIInterfaceOrientationPortrait UIInterfaceOrientationPortraitUpsideDown";
				MARKETING_VERSION = 1.0;
				PRODUCT_BUNDLE_IDENTIFIER = com.christiantisby.HelloAppleWatch.watchkitapp;
				PRODUCT_NAME = "$(TARGET_NAME)";
				SDKROOT = watchos;
				SKIP_INSTALL = YES;
				SWIFT_EMIT_LOC_STRINGS = YES;
				SWIFT_VERSION = 5.0;
				TARGETED_DEVICE_FAMILY = 4;
				WATCHOS_DEPLOYMENT_TARGET = 8.5;
			};
			name = Debug;
		};
		C160BB8828BC8852009C6F42 /* Release */ = {
			isa = XCBuildConfiguration;
			buildSettings = {
				ALWAYS_EMBED_SWIFT_STANDARD_LIBRARIES = YES;
				ASSETCATALOG_COMPILER_APPICON_NAME = AppIcon;
				ASSETCATALOG_COMPILER_GLOBAL_ACCENT_COLOR_NAME = AccentColor;
				CODE_SIGN_STYLE = Automatic;
				CURRENT_PROJECT_VERSION = 1;
				GENERATE_INFOPLIST_FILE = YES;
				IBSC_MODULE = HelloAppleWatch_WatchKit_Extension;
				INFOPLIST_KEY_CFBundleDisplayName = "HelloAppleWatch WatchKit App";
				INFOPLIST_KEY_UISupportedInterfaceOrientations = "UIInterfaceOrientationPortrait UIInterfaceOrientationPortraitUpsideDown";
				MARKETING_VERSION = 1.0;
				PRODUCT_BUNDLE_IDENTIFIER = com.christiantisby.HelloAppleWatch.watchkitapp;
				PRODUCT_NAME = "$(TARGET_NAME)";
				SDKROOT = watchos;
				SKIP_INSTALL = YES;
				SWIFT_EMIT_LOC_STRINGS = YES;
				SWIFT_VERSION = 5.0;
				TARGETED_DEVICE_FAMILY = 4;
				WATCHOS_DEPLOYMENT_TARGET = 8.5;
			};
			name = Release;
		};
		C160BB8B28BC8852009C6F42 /* Debug */ = {
			isa = XCBuildConfiguration;
			buildSettings = {
				CODE_SIGN_STYLE = Automatic;
				CURRENT_PROJECT_VERSION = 1;
				MARKETING_VERSION = 1.0;
				PRODUCT_BUNDLE_IDENTIFIER = com.christiantisby.HelloAppleWatch;
				PRODUCT_NAME = "$(TARGET_NAME)";
				SWIFT_VERSION = 5.0;
			};
			name = Debug;
		};
		C160BB8C28BC8852009C6F42 /* Release */ = {
			isa = XCBuildConfiguration;
			buildSettings = {
				CODE_SIGN_STYLE = Automatic;
				CURRENT_PROJECT_VERSION = 1;
				MARKETING_VERSION = 1.0;
				PRODUCT_BUNDLE_IDENTIFIER = com.christiantisby.HelloAppleWatch;
				PRODUCT_NAME = "$(TARGET_NAME)";
				SWIFT_VERSION = 5.0;
			};
			name = Release;
		};
/* End XCBuildConfiguration section */

/* Begin XCConfigurationList section */
		C160BB5D28BC884C009C6F42 /* Build configuration list for PBXProject "HelloAppleWatch" */ = {
			isa = XCConfigurationList;
			buildConfigurations = (
				C160BB8028BC8852009C6F42 /* Debug */,
				C160BB8128BC8852009C6F42 /* Release */,
			);
			defaultConfigurationIsVisible = 0;
			defaultConfigurationName = Release;
		};
		C160BB8228BC8852009C6F42 /* Build configuration list for PBXNativeTarget "HelloAppleWatch WatchKit Extension" */ = {
			isa = XCConfigurationList;
			buildConfigurations = (
				C160BB8328BC8852009C6F42 /* Debug */,
				C160BB8428BC8852009C6F42 /* Release */,
			);
			defaultConfigurationIsVisible = 0;
			defaultConfigurationName = Release;
		};
		C160BB8628BC8852009C6F42 /* Build configuration list for PBXNativeTarget "HelloAppleWatch WatchKit App" */ = {
			isa = XCConfigurationList;
			buildConfigurations = (
				C160BB8728BC8852009C6F42 /* Debug */,
				C160BB8828BC8852009C6F42 /* Release */,
			);
			defaultConfigurationIsVisible = 0;
			defaultConfigurationName = Release;
		};
		C160BB8A28BC8852009C6F42 /* Build configuration list for PBXNativeTarget "HelloAppleWatch" */ = {
			isa = XCConfigurationList;
			buildConfigurations = (
				C160BB8B28BC8852009C6F42 /* Debug */,
				C160BB8C28BC8852009C6F42 /* Release */,
			);
			defaultConfigurationIsVisible = 0;
			defaultConfigurationName = Release;
		};
/* End XCConfigurationList section */
	};
	rootObject = C160BB5A28BC884C009C6F42 /* Project object */;
}
